
Microsoft Visual Studio Solution File, Format Version 12.00
# Visual Studio 15
VisualStudioVersion = 15.0.27703.2026
MinimumVisualStudioVersion = 10.0.40219.1
Project("{FAE04EC0-301F-11D3-BF4B-00C04F79EFBC}") = "CodeClay", "CodeClay\CodeClay.csproj", "{EB9F7E0D-EAD3-407A-B0B3-78B12952FDD5}"
EndProject
Project("{2150E333-8FDC-42A3-9474-1A3956D46DE8}") = "Solution Items", "Solution Items", "{04040E23-3592-4E02-96C1-69A2AFEE64C4}"
	ProjectSection(SolutionItems) = preProject
		Performance1.psess = Performance1.psess
		Performance2.psess = Performance2.psess
	EndProjectSection
EndProject
Global
	GlobalSection(SolutionConfigurationPlatforms) = preSolution
		Debug|Any CPU = Debug|Any CPU
		Release|Any CPU = Release|Any CPU
	EndGlobalSection
	GlobalSection(ProjectConfigurationPlatforms) = postSolution
		{EB9F7E0D-EAD3-407A-B0B3-78B12952FDD5}.Debug|Any CPU.ActiveCfg = Debug|Any CPU
		{EB9F7E0D-EAD3-407A-B0B3-78B12952FDD5}.Debug|Any CPU.Build.0 = Debug|Any CPU
		{EB9F7E0D-EAD3-407A-B0B3-78B12952FDD5}.Release|Any CPU.ActiveCfg = Release|Any CPU
		{EB9F7E0D-EAD3-407A-B0B3-78B12952FDD5}.Release|Any CPU.Build.0 = Release|Any CPU
	EndGlobalSection
	GlobalSection(SolutionProperties) = preSolution
		HideSolutionNode = FALSE
	EndGlobalSection
	GlobalSection(ExtensibilityGlobals) = postSolution
		SolutionGuid = {F781851B-A482-4DFE-99FE-5FFE2C9223C3}
	EndGlobalSection
	GlobalSection(Performance) = preSolution
		HasPerformanceSessions = true
	EndGlobalSection
EndGlobal
